
Microsoft Visual Studio Solution File, Format Version 12.00
# Visual Studio 15
VisualStudioVersion = 15.0.26228.9
MinimumVisualStudioVersion = 10.0.40219.1
Project("{FAE04EC0-301F-11D3-BF4B-00C04F79EFBC}") = "roboragi2", "roboragi2\roboragi2.csproj", "{450783C6-EC51-42C4-8859-5D1AA1D03D46}"
EndProject
Global
	GlobalSection(SolutionConfigurationPlatforms) = preSolution
		Debug|Any CPU = Debug|Any CPU
		Release|Any CPU = Release|Any CPU
	EndGlobalSection
	GlobalSection(ProjectConfigurationPlatforms) = postSolution
		{450783C6-EC51-42C4-8859-5D1AA1D03D46}.Debug|Any CPU.ActiveCfg = Debug|Any CPU
		{450783C6-EC51-42C4-8859-5D1AA1D03D46}.Debug|Any CPU.Build.0 = Debug|Any CPU
		{450783C6-EC51-42C4-8859-5D1AA1D03D46}.Release|Any CPU.ActiveCfg = Release|Any CPU
		{450783C6-EC51-42C4-8859-5D1AA1D03D46}.Release|Any CPU.Build.0 = Release|Any CPU
	EndGlobalSection
	GlobalSection(SolutionProperties) = preSolution
		HideSolutionNode = FALSE
	EndGlobalSection
EndGlobal
